
Microsoft Visual Studio Solution File, Format Version 12.00
# Visual Studio Version 17
VisualStudioVersion = 17.9.34616.47
MinimumVisualStudioVersion = 10.0.40219.1
Project("{FAE04EC0-301F-11D3-BF4B-00C04F79EFBC}") = "EntityFrameworkSample", "EntityFrameworkSample\EntityFrameworkSample.csproj", "{004FB958-7C7B-44A1-9259-1EDBB66C82F1}"
EndProject
Global
	GlobalSection(SolutionConfigurationPlatforms) = preSolution
		Debug|Any CPU = Debug|Any CPU
		Release|Any CPU = Release|Any CPU
	EndGlobalSection
	GlobalSection(ProjectConfigurationPlatforms) = postSolution
		{004FB958-7C7B-44A1-9259-1EDBB66C82F1}.Debug|Any CPU.ActiveCfg = Debug|Any CPU
		{004FB958-7C7B-44A1-9259-1EDBB66C82F1}.Debug|Any CPU.Build.0 = Debug|Any CPU
		{004FB958-7C7B-44A1-9259-1EDBB66C82F1}.Release|Any CPU.ActiveCfg = Release|Any CPU
		{004FB958-7C7B-44A1-9259-1EDBB66C82F1}.Release|Any CPU.Build.0 = Release|Any CPU
	EndGlobalSection
	GlobalSection(SolutionProperties) = preSolution
		HideSolutionNode = FALSE
	EndGlobalSection
	GlobalSection(ExtensibilityGlobals) = postSolution
		SolutionGuid = {6C77EBD0-B9D2-4C01-850B-2B12F8098D94}
	EndGlobalSection
EndGlobal
